
Microsoft Visual Studio Solution File, Format Version 12.00
# Visual Studio Version 17
VisualStudioVersion = 17.9.34728.123
MinimumVisualStudioVersion = 10.0.40219.1
Project("{2150E333-8FDC-42A3-9474-1A3956D46DE8}") = "Src", "Src", "{9136846F-74B7-4A5D-8BBF-A07684A317FB}"
EndProject
Project("{2150E333-8FDC-42A3-9474-1A3956D46DE8}") = "Test", "Test", "{9B2F7369-427B-43F9-BCB6-CFD463073C6B}"
EndProject
Project("{2150E333-8FDC-42A3-9474-1A3956D46DE8}") = "API", "API", "{DB815002-7D8D-40E4-95AF-FB788BDB4F62}"
EndProject
Project("{2150E333-8FDC-42A3-9474-1A3956D46DE8}") = "Core", "Core", "{E6967920-8D88-4B9F-A06E-FD9AF21F29D7}"
EndProject
Project("{2150E333-8FDC-42A3-9474-1A3956D46DE8}") = "Infrastructure", "Infrastructure", "{A2FCD0F7-4F61-4B14-A65F-C1D6EDAC65C3}"
EndProject
Project("{2150E333-8FDC-42A3-9474-1A3956D46DE8}") = "UI", "UI", "{A856DF53-8D0A-4540-9B7D-F85A5F78A333}"
EndProject
Project("{9A19103F-16F7-4668-BE54-9A1E7A4F7556}") = "Store.Domain", "Store.Domain\Store.Domain.csproj", "{CC3F05DE-D6D7-454E-9DA4-84C04C145A8C}"
EndProject
Project("{9A19103F-16F7-4668-BE54-9A1E7A4F7556}") = "Store.Application", "Store.Application\Store.Application.csproj", "{4F79977E-62F3-41B0-B4C6-040D238E9BAE}"
EndProject
Project("{9A19103F-16F7-4668-BE54-9A1E7A4F7556}") = "Store.Infrastructure", "Store.Infrastructure\Store.Infrastructure.csproj", "{EA3B14EF-42B7-4E4A-B0D4-66EEB7142DD6}"
EndProject
Project("{9A19103F-16F7-4668-BE54-9A1E7A4F7556}") = "Store.Persistence", "Store.Persistence\Store.Persistence.csproj", "{2F70BCA9-C9EF-42A8-ACE1-42CD7B363D99}"
EndProject
Project("{9A19103F-16F7-4668-BE54-9A1E7A4F7556}") = "Store.Api", "Store.Api\Store.Api.csproj", "{D39C1125-9E53-4435-ABD8-18B168CC0D38}"
EndProject
Project("{9A19103F-16F7-4668-BE54-9A1E7A4F7556}") = "Store.Application.UnitTests", "Tests\Store.Application.UnitTests\Store.Application.UnitTests.csproj", "{CB6C8704-8A26-471A-AD0D-F8EA47624BE1}"
EndProject
Project("{9A19103F-16F7-4668-BE54-9A1E7A4F7556}") = "Store.MVC", "Store.MVC\Store.MVC.csproj", "{C3A8F4E0-017B-4754-863B-60AA27575DE9}"
EndProject
Project("{FAE04EC0-301F-11D3-BF4B-00C04F79EFBC}") = "Store.Identity", "Identity\Store.Identity\Store.Identity.csproj", "{E3344DBE-64BC-48BC-ABB6-E45164FED570}"
EndProject
Global
	GlobalSection(SolutionConfigurationPlatforms) = preSolution
		Debug|Any CPU = Debug|Any CPU
		Release|Any CPU = Release|Any CPU
	EndGlobalSection
	GlobalSection(ProjectConfigurationPlatforms) = postSolution
		{CC3F05DE-D6D7-454E-9DA4-84C04C145A8C}.Debug|Any CPU.ActiveCfg = Debug|Any CPU
		{CC3F05DE-D6D7-454E-9DA4-84C04C145A8C}.Debug|Any CPU.Build.0 = Debug|Any CPU
		{CC3F05DE-D6D7-454E-9DA4-84C04C145A8C}.Release|Any CPU.ActiveCfg = Release|Any CPU
		{CC3F05DE-D6D7-454E-9DA4-84C04C145A8C}.Release|Any CPU.Build.0 = Release|Any CPU
		{4F79977E-62F3-41B0-B4C6-040D238E9BAE}.Debug|Any CPU.ActiveCfg = Debug|Any CPU
		{4F79977E-62F3-41B0-B4C6-040D238E9BAE}.Debug|Any CPU.Build.0 = Debug|Any CPU
		{4F79977E-62F3-41B0-B4C6-040D238E9BAE}.Release|Any CPU.ActiveCfg = Release|Any CPU
		{4F79977E-62F3-41B0-B4C6-040D238E9BAE}.Release|Any CPU.Build.0 = Release|Any CPU
		{EA3B14EF-42B7-4E4A-B0D4-66EEB7142DD6}.Debug|Any CPU.ActiveCfg = Debug|Any CPU
		{EA3B14EF-42B7-4E4A-B0D4-66EEB7142DD6}.Debug|Any CPU.Build.0 = Debug|Any CPU
		{EA3B14EF-42B7-4E4A-B0D4-66EEB7142DD6}.Release|Any CPU.ActiveCfg = Release|Any CPU
		{EA3B14EF-42B7-4E4A-B0D4-66EEB7142DD6}.Release|Any CPU.Build.0 = Release|Any CPU
		{2F70BCA9-C9EF-42A8-ACE1-42CD7B363D99}.Debug|Any CPU.ActiveCfg = Debug|Any CPU
		{2F70BCA9-C9EF-42A8-ACE1-42CD7B363D99}.Debug|Any CPU.Build.0 = Debug|Any CPU
		{2F70BCA9-C9EF-42A8-ACE1-42CD7B363D99}.Release|Any CPU.ActiveCfg = Release|Any CPU
		{2F70BCA9-C9EF-42A8-ACE1-42CD7B363D99}.Release|Any CPU.Build.0 = Release|Any CPU
		{D39C1125-9E53-4435-ABD8-18B168CC0D38}.Debug|Any CPU.ActiveCfg = Debug|Any CPU
		{D39C1125-9E53-4435-ABD8-18B168CC0D38}.Debug|Any CPU.Build.0 = Debug|Any CPU
		{D39C1125-9E53-4435-ABD8-18B168CC0D38}.Release|Any CPU.ActiveCfg = Release|Any CPU
		{D39C1125-9E53-4435-ABD8-18B168CC0D38}.Release|Any CPU.Build.0 = Release|Any CPU
		{CB6C8704-8A26-471A-AD0D-F8EA47624BE1}.Debug|Any CPU.ActiveCfg = Debug|Any CPU
		{CB6C8704-8A26-471A-AD0D-F8EA47624BE1}.Debug|Any CPU.Build.0 = Debug|Any CPU
		{CB6C8704-8A26-471A-AD0D-F8EA47624BE1}.Release|Any CPU.ActiveCfg = Release|Any CPU
		{CB6C8704-8A26-471A-AD0D-F8EA47624BE1}.Release|Any CPU.Build.0 = Release|Any CPU
		{C3A8F4E0-017B-4754-863B-60AA27575DE9}.Debug|Any CPU.ActiveCfg = Debug|Any CPU
		{C3A8F4E0-017B-4754-863B-60AA27575DE9}.Debug|Any CPU.Build.0 = Debug|Any CPU
		{C3A8F4E0-017B-4754-863B-60AA27575DE9}.Release|Any CPU.ActiveCfg = Release|Any CPU
		{C3A8F4E0-017B-4754-863B-60AA27575DE9}.Release|Any CPU.Build.0 = Release|Any CPU
		{E3344DBE-64BC-48BC-ABB6-E45164FED570}.Debug|Any CPU.ActiveCfg = Debug|Any CPU
		{E3344DBE-64BC-48BC-ABB6-E45164FED570}.Debug|Any CPU.Build.0 = Debug|Any CPU
		{E3344DBE-64BC-48BC-ABB6-E45164FED570}.Release|Any CPU.ActiveCfg = Release|Any CPU
		{E3344DBE-64BC-48BC-ABB6-E45164FED570}.Release|Any CPU.Build.0 = Release|Any CPU
	EndGlobalSection
	GlobalSection(SolutionProperties) = preSolution
		HideSolutionNode = FALSE
	EndGlobalSection
	GlobalSection(NestedProjects) = preSolution
		{DB815002-7D8D-40E4-95AF-FB788BDB4F62} = {9136846F-74B7-4A5D-8BBF-A07684A317FB}
		{E6967920-8D88-4B9F-A06E-FD9AF21F29D7} = {9136846F-74B7-4A5D-8BBF-A07684A317FB}
		{A2FCD0F7-4F61-4B14-A65F-C1D6EDAC65C3} = {9136846F-74B7-4A5D-8BBF-A07684A317FB}
		{A856DF53-8D0A-4540-9B7D-F85A5F78A333} = {9136846F-74B7-4A5D-8BBF-A07684A317FB}
		{CC3F05DE-D6D7-454E-9DA4-84C04C145A8C} = {E6967920-8D88-4B9F-A06E-FD9AF21F29D7}
		{4F79977E-62F3-41B0-B4C6-040D238E9BAE} = {E6967920-8D88-4B9F-A06E-FD9AF21F29D7}
		{EA3B14EF-42B7-4E4A-B0D4-66EEB7142DD6} = {A2FCD0F7-4F61-4B14-A65F-C1D6EDAC65C3}
		{2F70BCA9-C9EF-42A8-ACE1-42CD7B363D99} = {A2FCD0F7-4F61-4B14-A65F-C1D6EDAC65C3}
		{D39C1125-9E53-4435-ABD8-18B168CC0D38} = {DB815002-7D8D-40E4-95AF-FB788BDB4F62}
		{CB6C8704-8A26-471A-AD0D-F8EA47624BE1} = {9B2F7369-427B-43F9-BCB6-CFD463073C6B}
		{C3A8F4E0-017B-4754-863B-60AA27575DE9} = {A856DF53-8D0A-4540-9B7D-F85A5F78A333}
		{E3344DBE-64BC-48BC-ABB6-E45164FED570} = {A2FCD0F7-4F61-4B14-A65F-C1D6EDAC65C3}
	EndGlobalSection
	GlobalSection(ExtensibilityGlobals) = postSolution
		SolutionGuid = {30C4BFC5-4639-42E9-9B65-531C8B951352}
	EndGlobalSection
EndGlobal
